<?xml version="1.0" encoding="utf-8"?>
<Project ToolsVersion="4.0" xmlns="http://schemas.microsoft.com/developer/msbuild/2003">
  <ItemGroup>
    <Filter Include="ソース ファイル">
      <UniqueIdentifier>{4FC737F1-C7A5-4376-A066-2A32D752A2FF}</UniqueIdentifier>
      <Extensions>cpp;c;cc;cxx;c++;cppm;ixx;def;odl;idl;hpj;bat;asm;asmx</Extensions>
    </Filter>
    <Filter Include="ヘッダー ファイル">
      <UniqueIdentifier>{93995380-89BD-4b04-88EB-625FBE52EBFB}</UniqueIdentifier>
      <Extensions>h;hh;hpp;hxx;h++;hm;inl;inc;ipp;xsd</Extensions>
    </Filter>
    <Filter Include="リソース ファイル">
      <UniqueIdentifier>{67DA6AB6-F800-4c08-8B7A-83BB121AAD01}</UniqueIdentifier>
      <Extensions>rc;ico;cur;bmp;dlg;rc2;rct;bin;rgs;gif;jpg;jpeg;jpe;resx;tiff;tif;png;wav;mfcribbon-ms</Extensions>
    </Filter>
    <Filter Include="Source">
      <UniqueIdentifier>{B0862B6E-7B27-4B1A-9A2D-7B4C5D6E7F8A}</UniqueIdentifier>
    </Filter>
    <Filter Include="Graphics">
      <UniqueIdentifier>{C1973B7F-8E38-4C2B-0B3E-8C5D6E7F9A1B}</UniqueIdentifier>
      <Filter>Source</Filter>
    </Filter>
    <Filter Include="Shaders">
      <UniqueIdentifier>{D2A84C80-9F49-4D3C-1C4F-9D6E7F0A2B3C}</UniqueIdentifier>
    </Filter>
    <Filter Include="IBL">
      <UniqueIdentifier>{E3B95D91-A05A-4E4D-2D50-AE7F8F1B3C4D}</UniqueIdentifier>
      <Filter>Shaders</Filter>
    </Filter>
    <Filter Include="Skybox">
      <UniqueIdentifier>{F4CA6EA2-B16B-4F5E-3E61-BF8A9F2C4D5E}</UniqueIdentifier>
      <Filter>Shaders</Filter>
    </Filter>
    <Filter Include="PostProcess">
      <UniqueIdentifier>{A1B2C3D4-E5F6-4A5B-8C9D-0E1F2A3B4C5D}</UniqueIdentifier>
      <Filter>Shaders</Filter>
    </Filter>
    <Filter Include="HiZ">
      <UniqueIdentifier>{B2C3D4E5-F6A7-4B8C-9D0E-1F2A3B4C5D6E}</UniqueIdentifier>
      <Filter>Shaders</Filter>
    </Filter>
    <Filter Include="Engine">
      <UniqueIdentifier>{B1C2D3E4-F5A6-4B7C-8D9E-0F1A2B3C4D5E}</UniqueIdentifier>
    </Filter>
    <Filter Include="ECS">
      <UniqueIdentifier>{C2D3E4F5-A6B7-4C8D-9E0F-1A2B3C4D5E6F}</UniqueIdentifier>
      <Filter>Engine</Filter>
    </Filter>
    <Filter Include="Systems">
      <UniqueIdentifier>{D3E4F5A6-B7C8-4D9E-0F1A-2B3C4D5E6F7A}</UniqueIdentifier>
      <Filter>ECS</Filter>
    </Filter>
    <Filter Include="Core">
      <UniqueIdentifier>{E4F5A6B7-C8D9-4E0F-1A2B-3C4D5E6F7A8B}</UniqueIdentifier>
    </Filter>
    <Filter Include="Components">
      <UniqueIdentifier>{F5A6B7C8-D9E0-4F1A-2B3C-4D5E6F7A8B9C}</UniqueIdentifier>
    </Filter>
    <Filter Include="AppSystems">
      <UniqueIdentifier>{A6B7C8D9-E0F1-4A2B-3C4D-5E6F7A8B9C0D}</UniqueIdentifier>
    </Filter>
  </ItemGroup>
  <ItemGroup>
    <ClInclude Include="framework.h">
      <Filter>ヘッダー ファイル</Filter>
    </ClInclude>
    <ClInclude Include="targetver.h">
      <Filter>ヘッダー ファイル</Filter>
    </ClInclude>
    <ClInclude Include="Resource.h">
      <Filter>ヘッダー ファイル</Filter>
    </ClInclude>
    <ClInclude Include="DX12.h">
      <Filter>ヘッダー ファイル</Filter>
    </ClInclude>
    <ClInclude Include="App.h">
      <Filter>ヘッダー ファイル</Filter>
    </ClInclude>
    <ClInclude Include="AssimpLoader.h">
      <Filter>ヘッダー ファイル</Filter>
    </ClInclude>
    <ClInclude Include="ComPtr.h">
      <Filter>ヘッダー ファイル</Filter>
    </ClInclude>
    <ClInclude Include="ConstantBuffer.h">
      <Filter>ヘッダー ファイル</Filter>
    </ClInclude>
    <ClInclude Include="d3dx12.h">
      <Filter>ヘッダー ファイル</Filter>
    </ClInclude>
    <ClInclude Include="DescriptorHeap.h">
      <Filter>ヘッダー ファイル</Filter>
    </ClInclude>
    <ClInclude Include="Engine.h">
      <Filter>ヘッダー ファイル</Filter>
    </ClInclude>
    <ClInclude Include="IndexBuffer.h">
      <Filter>ヘッダー ファイル</Filter>
    </ClInclude>
    <ClInclude Include="keyboard.h">
      <Filter>ヘッダー ファイル</Filter>
    </ClInclude>
    <ClInclude Include="RootSignature.h">
      <Filter>ヘッダー ファイル</Filter>
    </ClInclude>
    <ClInclude Include="Core\Scene.h">
      <Filter>Core</Filter>
    </ClInclude>
    <ClInclude Include="Core\GpuDebugLabels.h">
      <Filter>Core</Filter>
    </ClInclude>
    <ClInclude Include="Core\NprTuning.h">
      <Filter>Core</Filter>
    </ClInclude>
    <ClInclude Include="Components\PlayerComponent.h">
      <Filter>Components</Filter>
    </ClInclude>
    <ClInclude Include="SharedStruct.h">
      <Filter>ヘッダー ファイル</Filter>
    </ClInclude>
    <ClInclude Include="Texture2D.h">
      <Filter>ヘッダー ファイル</Filter>
    </ClInclude>
    <ClInclude Include="VertexBuffer.h">
      <Filter>ヘッダー ファイル</Filter>
    </ClInclude>
    <ClInclude Include="PipelineState.h">
      <Filter>ヘッダー ファイル</Filter>
    </ClInclude>
    <ClInclude Include="Source\Graphics\EXRLoader.h">
      <Filter>Graphics</Filter>
    </ClInclude>
    <ClInclude Include="Source\Graphics\IBLGenerator.h">
      <Filter>Graphics</Filter>
    </ClInclude>
    <ClInclude Include="Source\Graphics\SkyboxRenderer.h">
      <Filter>Graphics</Filter>
    </ClInclude>
    <ClInclude Include="Source\Graphics\PostProcessSettings.h">
      <Filter>Graphics</Filter>
    </ClInclude>
    <ClInclude Include="Source\Graphics\PostProcessSystem.h">
      <Filter>Graphics</Filter>
    </ClInclude>
    <ClInclude Include="Source\Graphics\HiZSystem.h">
      <Filter>Graphics</Filter>
    </ClInclude>
    <ClInclude Include="Source\Graphics\TerrainGpuCullSystem.h">
      <Filter>Graphics</Filter>
    </ClInclude>
    <ClInclude Include="Source\Graphics\TreeVegetation.h">
      <Filter>Graphics</Filter>
    </ClInclude>
    <ClInclude Include="Source\Graphics\TreeMeshAsset.h">
      <Filter>Graphics</Filter>
    </ClInclude>
    <ClInclude Include="Source\Graphics\TreeImposterBake.h">
      <Filter>Graphics</Filter>
    </ClInclude>
    <ClInclude Include="Engine\ECS\Systems\TreeLodSystem.h">
      <Filter>Systems</Filter>
    </ClInclude>
    <ClInclude Include="Engine\ECS\Components.h">
      <Filter>ECS</Filter>
    </ClInclude>
    <ClInclude Include="Engine\ECS\Systems\TransformSystem.h">
      <Filter>Systems</Filter>
    </ClInclude>
    <ClInclude Include="Engine\ECS\Systems\LODSystem.h">
      <Filter>Systems</Filter>
    </ClInclude>
    <ClInclude Include="Systems\PlayerSystem.h">
      <Filter>AppSystems</Filter>
    </ClInclude>
    <ClInclude Include="Systems\CameraSystem.h">
      <Filter>AppSystems</Filter>
    </ClInclude>
    <ClInclude Include="Engine\ECS\Systems\RenderSystem.h">
      <Filter>Systems</Filter>
    </ClInclude>
    <ClInclude Include="Engine\ECS\Systems\TerrainSystem.h">
      <Filter>Systems</Filter>
    </ClInclude>
    <ClInclude Include="Source\Graphics\TerrainGenerator.h">
      <Filter>Graphics</Filter>
    </ClInclude>
    <ClInclude Include="Camera.h">
      <Filter>ヘッダー ファイル</Filter>
    </ClInclude>
    <ClInclude Include="Components.h">
      <Filter>ヘッダー ファイル</Filter>
    </ClInclude>
  </ItemGroup>
  <ItemGroup>
    <ClCompile Include="DX12.cpp">
      <Filter>ソース ファイル</Filter>
    </ClCompile>
    <ClCompile Include="App.cpp">
      <Filter>ソース ファイル</Filter>
    </ClCompile>
    <ClCompile Include="AssimpLoader.cpp">
      <Filter>ソース ファイル</Filter>
    </ClCompile>
    <ClCompile Include="ConstantBuffer.cpp">
      <Filter>ソース ファイル</Filter>
    </ClCompile>
    <ClCompile Include="DescriptorHeap.cpp">
      <Filter>ソース ファイル</Filter>
    </ClCompile>
    <ClCompile Include="Engine.cpp">
      <Filter>ソース ファイル</Filter>
    </ClCompile>
    <ClCompile Include="EngineBarrier.cpp">
      <Filter>ソース ファイル</Filter>
    </ClCompile>
    <ClCompile Include="IndexBuffer.cpp">
      <Filter>ソース ファイル</Filter>
    </ClCompile>
    <ClCompile Include="keyboard.cpp">
      <Filter>ソース ファイル</Filter>
    </ClCompile>
    <ClCompile Include="RootSignature.cpp">
      <Filter>ソース ファイル</Filter>
    </ClCompile>
    <ClCompile Include="Core\Scene.cpp">
      <Filter>Core</Filter>
    </ClCompile>
    <ClCompile Include="Core\NprTuning.cpp">
      <Filter>Core</Filter>
    </ClCompile>
    <ClCompile Include="SharedStruct.cpp">
      <Filter>ソース ファイル</Filter>
    </ClCompile>
    <ClCompile Include="Texture2D.cpp">
      <Filter>ソース ファイル</Filter>
    </ClCompile>
    <ClCompile Include="VertexBuffer.cpp">
      <Filter>ソース ファイル</Filter>
    </ClCompile>
    <ClCompile Include="PipelineState.cpp">
      <Filter>ソース ファイル</Filter>
    </ClCompile>
    <ClCompile Include="Systems\PlayerSystem.cpp">
      <Filter>AppSystems</Filter>
    </ClCompile>
    <ClCompile Include="Systems\CameraSystem.cpp">
      <Filter>AppSystems</Filter>
    </ClCompile>
    <ClCompile Include="Source\Graphics\EXRLoader.cpp">
      <Filter>Graphics</Filter>
    </ClCompile>
    <ClCompile Include="Source\Graphics\IBLGenerator.cpp">
      <Filter>Graphics</Filter>
    </ClCompile>
    <ClCompile Include="Source\Graphics\SkyboxRenderer.cpp">
      <Filter>Graphics</Filter>
    </ClCompile>
    <ClCompile Include="Source\Graphics\PostProcessSystem.cpp">
      <Filter>Graphics</Filter>
    </ClCompile>
    <ClCompile Include="Source\Graphics\HiZSystem.cpp">
      <Filter>Graphics</Filter>
    </ClCompile>
    <ClCompile Include="Source\Graphics\TerrainGpuCullSystem.cpp">
      <Filter>Graphics</Filter>
    </ClCompile>
    <ClCompile Include="Source\Graphics\TreeVegetation.cpp">
      <Filter>Graphics</Filter>
    </ClCompile>
    <ClCompile Include="Source\Graphics\TreeMeshAsset.cpp">
      <Filter>Graphics</Filter>
    </ClCompile>
    <ClCompile Include="Source\Graphics\TreeImposterBake.cpp">
      <Filter>Graphics</Filter>
    </ClCompile>
    <ClCompile Include="Engine\ECS\Systems\TransformSystem.cpp">
      <Filter>Systems</Filter>
    </ClCompile>
    <ClCompile Include="Engine\ECS\Systems\LODSystem.cpp">
      <Filter>Systems</Filter>
    </ClCompile>
    <ClCompile Include="Engine\ECS\Systems\TreeLodSystem.cpp">
      <Filter>Systems</Filter>
    </ClCompile>
    <ClCompile Include="Engine\ECS\Systems\RenderSystem.cpp">
      <Filter>Systems</Filter>
    </ClCompile>
    <ClCompile Include="Engine\ECS\Systems\TerrainSystem.cpp">
      <Filter>Systems</Filter>
    </ClCompile>
    <ClCompile Include="Source\Graphics\TerrainGenerator.cpp">
      <Filter>Graphics</Filter>
    </ClCompile>
    <ClCompile Include="Camera.cpp">
      <Filter>ソース ファイル</Filter>
    </ClCompile>
  </ItemGroup>
  <ItemGroup>
    <ResourceCompile Include="DX12.rc">
      <Filter>リソース ファイル</Filter>
    </ResourceCompile>
  </ItemGroup>
  <ItemGroup>
    <Image Include="small.ico">
      <Filter>リソース ファイル</Filter>
    </Image>
    <Image Include="DX12.ico">
      <Filter>リソース ファイル</Filter>
    </Image>
  </ItemGroup>
  <ItemGroup>
    <FxCompile Include="SimplePS.hlsl">
      <Filter>リソース ファイル</Filter>
    </FxCompile>
    <FxCompile Include="SimpleVS.hlsl">
      <Filter>リソース ファイル</Filter>
    </FxCompile>
    <FxCompile Include="TerrainVS.hlsl">
      <Filter>Shaders</Filter>
    </FxCompile>
    <FxCompile Include="Shaders\IBL\Equirect2Cube_CS.hlsl">
      <Filter>IBL</Filter>
    </FxCompile>
    <FxCompile Include="Shaders\IBL\IrradianceMap_CS.hlsl">
      <Filter>IBL</Filter>
    </FxCompile>
    <FxCompile Include="Shaders\Skybox\Skybox_PS.hlsl">
      <Filter>Skybox</Filter>
    </FxCompile>
    <FxCompile Include="Shaders\Skybox\Skybox_VS.hlsl">
      <Filter>Skybox</Filter>
    </FxCompile>
    <FxCompile Include="BRDF_Lut_CS.hlsl">
      <Filter>リソース ファイル</Filter>
    </FxCompile>
    <FxCompile Include="Irradiance_CS.hlsl">
      <Filter>リソース ファイル</Filter>
    </FxCompile>
    <FxCompile Include="Prefilter_CS.hlsl">
      <Filter>リソース ファイル</Filter>
    </FxCompile>
    <FxCompile Include="Shaders\HiZ_CopyDepth_CS.hlsl">
      <Filter>HiZ</Filter>
    </FxCompile>
    <FxCompile Include="Shaders\HiZ_ReduceMin_CS.hlsl">
      <Filter>HiZ</Filter>
    </FxCompile>
    <FxCompile Include="Shaders\TerrainFrustumCull_CS.hlsl">
      <Filter>HiZ</Filter>
    </FxCompile>
    <FxCompile Include="Shaders\PostProcess\ToneMap_VS.hlsl">
      <Filter>PostProcess</Filter>
    </FxCompile>
    <FxCompile Include="Shaders\PostProcess\ToneMap_PS.hlsl">
      <Filter>PostProcess</Filter>
    </FxCompile>
    <FxCompile Include="Shaders\PostProcess\NprTonemap_PS.hlsl">
      <Filter>PostProcess</Filter>
    </FxCompile>
    <FxCompile Include="Shaders\PostProcess\Composite_PS.hlsl">
      <Filter>PostProcess</Filter>
    </FxCompile>
    <FxCompile Include="Shaders\PostProcess\bloom_extract_ps.hlsl">
      <Filter>PostProcess</Filter>
    </FxCompile>
    <FxCompile Include="Shaders\PostProcess\bloom_blur_ps.hlsl">
      <Filter>PostProcess</Filter>
    </FxCompile>
    <FxCompile Include="StandardPBR_PS.hlsl">
      <Filter>リソース ファイル</Filter>
    </FxCompile>
    <FxCompile Include="NPR_PS.hlsl">
      <Filter>リソース ファイル</Filter>
    </FxCompile>
    <FxCompile Include="NPR_PS_Transparent.hlsl">
      <Filter>リソース ファイル</Filter>
    </FxCompile>
    <FxCompile Include="Terrain_PS.hlsl">
      <Filter>リソース ファイル</Filter>
    </FxCompile>
    <FxCompile Include="TreeLOD1_PS.hlsl">
      <Filter>リソース ファイル</Filter>
    </FxCompile>
    <FxCompile Include="TreeLOD2_PS.hlsl">
      <Filter>リソース ファイル</Filter>
    </FxCompile>
    <FxCompile Include="Shaders\TreeFrustumHiZCull_CS.hlsl">
      <Filter>リソース ファイル</Filter>
    </FxCompile>
    <FxCompile Include="Shaders\TreeIndirectVS.hlsl">
      <Filter>Shaders</Filter>
    </FxCompile>
    <FxCompile Include="Shaders\BakeTreeLOD0_PS.hlsl">
      <Filter>Shaders</Filter>
    </FxCompile>
    <FxCompile Include="Shaders\TreeImposterVS.hlsl">
      <Filter>Shaders</Filter>
    </FxCompile>
    <FxCompile Include="Shaders\TreeImposterPS.hlsl">
      <Filter>Shaders</Filter>
    </FxCompile>
  </ItemGroup>
</Project>